
Microsoft Visual Studio Solution File, Format Version 12.00
# Visual Studio Version 17
VisualStudioVersion = 17.1.32228.430
MinimumVisualStudioVersion = 10.0.40219.1
Project("{8BC9CEB8-8B4A-11D0-8D11-00A0C91BC942}") = "engine", "engine\engine.vcxproj", "{77471475-25BC-416D-AB00-DDF4737010CD}"
	ProjectSection(ProjectDependencies) = postProject
		{19200244-745B-37AD-93A6-87F7624FDEE2} = {19200244-745B-37AD-93A6-87F7624FDEE2}
		{4EA00A44-91A6-34C4-8416-E55EE3B74095} = {4EA00A44-91A6-34C4-8416-E55EE3B74095}
		{6C90947C-58C7-950D-01B4-7B10EDC9110F} = {6C90947C-58C7-950D-01B4-7B10EDC9110F}
		{25D9D9F8-DFB7-320B-8090-5DC01B4E0878} = {25D9D9F8-DFB7-320B-8090-5DC01B4E0878}
	EndProjectSection
EndProject
Project("{8BC9CEB8-8B4A-11D0-8D11-00A0C91BC942}") = "bgfx", "bgfx\.build\projects\vs2017\bgfx.vcxproj", "{6C90947C-58C7-950D-01B4-7B10EDC9110F}"
EndProject
Project("{8BC9CEB8-8B4A-11D0-8D11-00A0C91BC942}") = "bimg", "bgfx\.build\projects\vs2017\bimg.vcxproj", "{C499947C-B0D0-950D-59BD-7B1045D3110F}"
EndProject
Project("{8BC9CEB8-8B4A-11D0-8D11-00A0C91BC942}") = "bx", "bgfx\.build\projects\vs2017\bx.vcxproj", "{5F775900-4B03-880B-B4B1-880BA05C880B}"
EndProject
Project("{8BC9CEB8-8B4A-11D0-8D11-00A0C91BC942}") = "daScript", "daScript\cmake_temp\daScript.vcxproj", "{140DD00C-CD7A-3365-AA21-FE80B4DDB6C8}"
EndProject
Project("{8BC9CEB8-8B4A-11D0-8D11-00A0C91BC942}") = "libDaScript", "daScript\cmake_temp\libDaScript.vcxproj", "{19200244-745B-37AD-93A6-87F7624FDEE2}"
EndProject
Project("{8BC9CEB8-8B4A-11D0-8D11-00A0C91BC942}") = "daScriptProfile", "daScript\cmake_temp\daScriptProfile.vcxproj", "{724E94C3-625B-398B-9F9A-5D92F0513F49}"
EndProject
Project("{8BC9CEB8-8B4A-11D0-8D11-00A0C91BC942}") = "daScriptTest", "daScript\cmake_temp\daScriptTest.vcxproj", "{583E0773-B13B-3621-93BF-4C205EEFE724}"
EndProject
Project("{8BC9CEB8-8B4A-11D0-8D11-00A0C91BC942}") = "libDaScriptProfile", "daScript\cmake_temp\libDaScriptProfile.vcxproj", "{D3C66DBD-AFBB-3EDA-87AA-6FDAC45C83E5}"
EndProject
Project("{8BC9CEB8-8B4A-11D0-8D11-00A0C91BC942}") = "libDaScriptTest", "daScript\cmake_temp\libDaScriptTest.vcxproj", "{8F7125FB-0491-3075-B0D1-0059D7B77F76}"
EndProject
Project("{8BC9CEB8-8B4A-11D0-8D11-00A0C91BC942}") = "libDasModuleStbImage", "daScript\cmake_temp\libDasModuleStbImage.vcxproj", "{038A7BA5-9FA5-3980-BBAC-EC3F4B6C1B21}"
EndProject
Project("{8BC9CEB8-8B4A-11D0-8D11-00A0C91BC942}") = "libDasModuleStbTrueType", "daScript\cmake_temp\libDasModuleStbTrueType.vcxproj", "{1544C3CF-12AF-3581-B1A3-740CD14899A7}"
EndProject
Project("{8BC9CEB8-8B4A-11D0-8D11-00A0C91BC942}") = "libDasModuleStdDlg", "daScript\cmake_temp\libDasModuleStdDlg.vcxproj", "{830D9153-7B7B-3332-B60C-CD5225AE545F}"
EndProject
Project("{8BC9CEB8-8B4A-11D0-8D11-00A0C91BC942}") = "libUriParser", "daScript\cmake_temp\libUriParser.vcxproj", "{4EA00A44-91A6-34C4-8416-E55EE3B74095}"
EndProject
Project("{2150E333-8FDC-42A3-9474-1A3956D46DE8}") = "daScript", "daScript", "{A5C9081F-AAA8-4431-8125-7538385B5412}"
EndProject
Project("{8BC9CEB8-8B4A-11D0-8D11-00A0C91BC942}") = "libDaScript_xxd", "daScript\cmake_temp\libDaScript_xxd.vcxproj", "{6A3E795C-5593-33B6-8587-4A8F02943308}"
EndProject
Project("{8BC9CEB8-8B4A-11D0-8D11-00A0C91BC942}") = "ZERO_CHECK", "daScript\cmake_temp\ZERO_CHECK.vcxproj", "{25D9D9F8-DFB7-320B-8090-5DC01B4E0878}"
EndProject
Project("{8BC9CEB8-8B4A-11D0-8D11-00A0C91BC942}") = "need_and_resolve", "daScript\cmake_temp\need_and_resolve.vcxproj", "{D35F924C-901A-3BAA-B64E-955ACCF1566C}"
EndProject
Global
	GlobalSection(SolutionConfigurationPlatforms) = preSolution
		Debug|Any CPU = Debug|Any CPU
		Debug|x64 = Debug|x64
		Debug|x86 = Debug|x86
		MinSizeRel|Any CPU = MinSizeRel|Any CPU
		MinSizeRel|x64 = MinSizeRel|x64
		MinSizeRel|x86 = MinSizeRel|x86
		Release|Any CPU = Release|Any CPU
		Release|x64 = Release|x64
		Release|x86 = Release|x86
		RelWithDebInfo|Any CPU = RelWithDebInfo|Any CPU
		RelWithDebInfo|x64 = RelWithDebInfo|x64
		RelWithDebInfo|x86 = RelWithDebInfo|x86
	EndGlobalSection
	GlobalSection(ProjectConfigurationPlatforms) = postSolution
		{77471475-25BC-416D-AB00-DDF4737010CD}.Debug|Any CPU.ActiveCfg = Debug|Win32
		{77471475-25BC-416D-AB00-DDF4737010CD}.Debug|Any CPU.Build.0 = Debug|Win32
		{77471475-25BC-416D-AB00-DDF4737010CD}.Debug|x64.ActiveCfg = Debug|x64
		{77471475-25BC-416D-AB00-DDF4737010CD}.Debug|x64.Build.0 = Debug|x64
		{77471475-25BC-416D-AB00-DDF4737010CD}.Debug|x86.ActiveCfg = Debug|Win32
		{77471475-25BC-416D-AB00-DDF4737010CD}.Debug|x86.Build.0 = Debug|Win32
		{77471475-25BC-416D-AB00-DDF4737010CD}.MinSizeRel|Any CPU.ActiveCfg = Release|x64
		{77471475-25BC-416D-AB00-DDF4737010CD}.MinSizeRel|Any CPU.Build.0 = Release|x64
		{77471475-25BC-416D-AB00-DDF4737010CD}.MinSizeRel|x64.ActiveCfg = Release|x64
		{77471475-25BC-416D-AB00-DDF4737010CD}.MinSizeRel|x64.Build.0 = Release|x64
		{77471475-25BC-416D-AB00-DDF4737010CD}.MinSizeRel|x86.ActiveCfg = Release|Win32
		{77471475-25BC-416D-AB00-DDF4737010CD}.MinSizeRel|x86.Build.0 = Release|Win32
		{77471475-25BC-416D-AB00-DDF4737010CD}.Release|Any CPU.ActiveCfg = Release|Win32
		{77471475-25BC-416D-AB00-DDF4737010CD}.Release|Any CPU.Build.0 = Release|Win32
		{77471475-25BC-416D-AB00-DDF4737010CD}.Release|x64.ActiveCfg = Release|x64
		{77471475-25BC-416D-AB00-DDF4737010CD}.Release|x64.Build.0 = Release|x64
		{77471475-25BC-416D-AB00-DDF4737010CD}.Release|x86.ActiveCfg = Release|Win32
		{77471475-25BC-416D-AB00-DDF4737010CD}.Release|x86.Build.0 = Release|Win32
		{77471475-25BC-416D-AB00-DDF4737010CD}.RelWithDebInfo|Any CPU.ActiveCfg = Release|x64
		{77471475-25BC-416D-AB00-DDF4737010CD}.RelWithDebInfo|Any CPU.Build.0 = Release|x64
		{77471475-25BC-416D-AB00-DDF4737010CD}.RelWithDebInfo|x64.ActiveCfg = Release|x64
		{77471475-25BC-416D-AB00-DDF4737010CD}.RelWithDebInfo|x64.Build.0 = Release|x64
		{77471475-25BC-416D-AB00-DDF4737010CD}.RelWithDebInfo|x86.ActiveCfg = Release|Win32
		{77471475-25BC-416D-AB00-DDF4737010CD}.RelWithDebInfo|x86.Build.0 = Release|Win32
		{6C90947C-58C7-950D-01B4-7B10EDC9110F}.Debug|Any CPU.ActiveCfg = Debug|Win32
		{6C90947C-58C7-950D-01B4-7B10EDC9110F}.Debug|x64.ActiveCfg = Debug|x64
		{6C90947C-58C7-950D-01B4-7B10EDC9110F}.Debug|x64.Build.0 = Debug|x64
		{6C90947C-58C7-950D-01B4-7B10EDC9110F}.Debug|x86.ActiveCfg = Debug|Win32
		{6C90947C-58C7-950D-01B4-7B10EDC9110F}.Debug|x86.Build.0 = Debug|Win32
		{6C90947C-58C7-950D-01B4-7B10EDC9110F}.MinSizeRel|Any CPU.ActiveCfg = Release|x64
		{6C90947C-58C7-950D-01B4-7B10EDC9110F}.MinSizeRel|Any CPU.Build.0 = Release|x64
		{6C90947C-58C7-950D-01B4-7B10EDC9110F}.MinSizeRel|x64.ActiveCfg = Release|x64
		{6C90947C-58C7-950D-01B4-7B10EDC9110F}.MinSizeRel|x64.Build.0 = Release|x64
		{6C90947C-58C7-950D-01B4-7B10EDC9110F}.MinSizeRel|x86.ActiveCfg = Release|Win32
		{6C90947C-58C7-950D-01B4-7B10EDC9110F}.MinSizeRel|x86.Build.0 = Release|Win32
		{6C90947C-58C7-950D-01B4-7B10EDC9110F}.Release|Any CPU.ActiveCfg = Release|Win32
		{6C90947C-58C7-950D-01B4-7B10EDC9110F}.Release|x64.ActiveCfg = Release|x64
		{6C90947C-58C7-950D-01B4-7B10EDC9110F}.Release|x64.Build.0 = Release|x64
		{6C90947C-58C7-950D-01B4-7B10EDC9110F}.Release|x86.ActiveCfg = Release|Win32
		{6C90947C-58C7-950D-01B4-7B10EDC9110F}.Release|x86.Build.0 = Release|Win32
		{6C90947C-58C7-950D-01B4-7B10EDC9110F}.RelWithDebInfo|Any CPU.ActiveCfg = Release|x64
		{6C90947C-58C7-950D-01B4-7B10EDC9110F}.RelWithDebInfo|Any CPU.Build.0 = Release|x64
		{6C90947C-58C7-950D-01B4-7B10EDC9110F}.RelWithDebInfo|x64.ActiveCfg = Release|x64
		{6C90947C-58C7-950D-01B4-7B10EDC9110F}.RelWithDebInfo|x64.Build.0 = Release|x64
		{6C90947C-58C7-950D-01B4-7B10EDC9110F}.RelWithDebInfo|x86.ActiveCfg = Release|Win32
		{6C90947C-58C7-950D-01B4-7B10EDC9110F}.RelWithDebInfo|x86.Build.0 = Release|Win32
		{C499947C-B0D0-950D-59BD-7B1045D3110F}.Debug|Any CPU.ActiveCfg = Debug|Win32
		{C499947C-B0D0-950D-59BD-7B1045D3110F}.Debug|x64.ActiveCfg = Debug|x64
		{C499947C-B0D0-950D-59BD-7B1045D3110F}.Debug|x64.Build.0 = Debug|x64
		{C499947C-B0D0-950D-59BD-7B1045D3110F}.Debug|x86.ActiveCfg = Debug|Win32
		{C499947C-B0D0-950D-59BD-7B1045D3110F}.Debug|x86.Build.0 = Debug|Win32
		{C499947C-B0D0-950D-59BD-7B1045D3110F}.MinSizeRel|Any CPU.ActiveCfg = Release|x64
		{C499947C-B0D0-950D-59BD-7B1045D3110F}.MinSizeRel|Any CPU.Build.0 = Release|x64
		{C499947C-B0D0-950D-59BD-7B1045D3110F}.MinSizeRel|x64.ActiveCfg = Release|x64
		{C499947C-B0D0-950D-59BD-7B1045D3110F}.MinSizeRel|x64.Build.0 = Release|x64
		{C499947C-B0D0-950D-59BD-7B1045D3110F}.MinSizeRel|x86.ActiveCfg = Release|Win32
		{C499947C-B0D0-950D-59BD-7B1045D3110F}.MinSizeRel|x86.Build.0 = Release|Win32
		{C499947C-B0D0-950D-59BD-7B1045D3110F}.Release|Any CPU.ActiveCfg = Release|Win32
		{C499947C-B0D0-950D-59BD-7B1045D3110F}.Release|x64.ActiveCfg = Release|x64
		{C499947C-B0D0-950D-59BD-7B1045D3110F}.Release|x64.Build.0 = Release|x64
		{C499947C-B0D0-950D-59BD-7B1045D3110F}.Release|x86.ActiveCfg = Release|Win32
		{C499947C-B0D0-950D-59BD-7B1045D3110F}.Release|x86.Build.0 = Release|Win32
		{C499947C-B0D0-950D-59BD-7B1045D3110F}.RelWithDebInfo|Any CPU.ActiveCfg = Release|x64
		{C499947C-B0D0-950D-59BD-7B1045D3110F}.RelWithDebInfo|Any CPU.Build.0 = Release|x64
		{C499947C-B0D0-950D-59BD-7B1045D3110F}.RelWithDebInfo|x64.ActiveCfg = Release|x64
		{C499947C-B0D0-950D-59BD-7B1045D3110F}.RelWithDebInfo|x64.Build.0 = Release|x64
		{C499947C-B0D0-950D-59BD-7B1045D3110F}.RelWithDebInfo|x86.ActiveCfg = Release|Win32
		{C499947C-B0D0-950D-59BD-7B1045D3110F}.RelWithDebInfo|x86.Build.0 = Release|Win32
		{5F775900-4B03-880B-B4B1-880BA05C880B}.Debug|Any CPU.ActiveCfg = Debug|Win32
		{5F775900-4B03-880B-B4B1-880BA05C880B}.Debug|x64.ActiveCfg = Debug|x64
		{5F775900-4B03-880B-B4B1-880BA05C880B}.Debug|x64.Build.0 = Debug|x64
		{5F775900-4B03-880B-B4B1-880BA05C880B}.Debug|x86.ActiveCfg = Debug|Win32
		{5F775900-4B03-880B-B4B1-880BA05C880B}.Debug|x86.Build.0 = Debug|Win32
		{5F775900-4B03-880B-B4B1-880BA05C880B}.MinSizeRel|Any CPU.ActiveCfg = Release|x64
		{5F775900-4B03-880B-B4B1-880BA05C880B}.MinSizeRel|Any CPU.Build.0 = Release|x64
		{5F775900-4B03-880B-B4B1-880BA05C880B}.MinSizeRel|x64.ActiveCfg = Release|x64
		{5F775900-4B03-880B-B4B1-880BA05C880B}.MinSizeRel|x64.Build.0 = Release|x64
		{5F775900-4B03-880B-B4B1-880BA05C880B}.MinSizeRel|x86.ActiveCfg = Release|Win32
		{5F775900-4B03-880B-B4B1-880BA05C880B}.MinSizeRel|x86.Build.0 = Release|Win32
		{5F775900-4B03-880B-B4B1-880BA05C880B}.Release|Any CPU.ActiveCfg = Release|Win32
		{5F775900-4B03-880B-B4B1-880BA05C880B}.Release|x64.ActiveCfg = Release|x64
		{5F775900-4B03-880B-B4B1-880BA05C880B}.Release|x64.Build.0 = Release|x64
		{5F775900-4B03-880B-B4B1-880BA05C880B}.Release|x86.ActiveCfg = Release|Win32
		{5F775900-4B03-880B-B4B1-880BA05C880B}.Release|x86.Build.0 = Release|Win32
		{5F775900-4B03-880B-B4B1-880BA05C880B}.RelWithDebInfo|Any CPU.ActiveCfg = Release|x64
		{5F775900-4B03-880B-B4B1-880BA05C880B}.RelWithDebInfo|Any CPU.Build.0 = Release|x64
		{5F775900-4B03-880B-B4B1-880BA05C880B}.RelWithDebInfo|x64.ActiveCfg = Release|x64
		{5F775900-4B03-880B-B4B1-880BA05C880B}.RelWithDebInfo|x64.Build.0 = Release|x64
		{5F775900-4B03-880B-B4B1-880BA05C880B}.RelWithDebInfo|x86.ActiveCfg = Release|Win32
		{5F775900-4B03-880B-B4B1-880BA05C880B}.RelWithDebInfo|x86.Build.0 = Release|Win32
		{140DD00C-CD7A-3365-AA21-FE80B4DDB6C8}.Debug|Any CPU.ActiveCfg = Debug|x64
		{140DD00C-CD7A-3365-AA21-FE80B4DDB6C8}.Debug|Any CPU.Build.0 = Debug|x64
		{140DD00C-CD7A-3365-AA21-FE80B4DDB6C8}.Debug|x64.ActiveCfg = Debug|x64
		{140DD00C-CD7A-3365-AA21-FE80B4DDB6C8}.Debug|x64.Build.0 = Debug|x64
		{140DD00C-CD7A-3365-AA21-FE80B4DDB6C8}.Debug|x86.ActiveCfg = Debug|x64
		{140DD00C-CD7A-3365-AA21-FE80B4DDB6C8}.Debug|x86.Build.0 = Debug|x64
		{140DD00C-CD7A-3365-AA21-FE80B4DDB6C8}.MinSizeRel|Any CPU.ActiveCfg = MinSizeRel|x64
		{140DD00C-CD7A-3365-AA21-FE80B4DDB6C8}.MinSizeRel|Any CPU.Build.0 = MinSizeRel|x64
		{140DD00C-CD7A-3365-AA21-FE80B4DDB6C8}.MinSizeRel|x64.ActiveCfg = MinSizeRel|x64
		{140DD00C-CD7A-3365-AA21-FE80B4DDB6C8}.MinSizeRel|x64.Build.0 = MinSizeRel|x64
		{140DD00C-CD7A-3365-AA21-FE80B4DDB6C8}.MinSizeRel|x86.ActiveCfg = MinSizeRel|x64
		{140DD00C-CD7A-3365-AA21-FE80B4DDB6C8}.MinSizeRel|x86.Build.0 = MinSizeRel|x64
		{140DD00C-CD7A-3365-AA21-FE80B4DDB6C8}.Release|Any CPU.ActiveCfg = Release|x64
		{140DD00C-CD7A-3365-AA21-FE80B4DDB6C8}.Release|Any CPU.Build.0 = Release|x64
		{140DD00C-CD7A-3365-AA21-FE80B4DDB6C8}.Release|x64.ActiveCfg = Release|x64
		{140DD00C-CD7A-3365-AA21-FE80B4DDB6C8}.Release|x64.Build.0 = Release|x64
		{140DD00C-CD7A-3365-AA21-FE80B4DDB6C8}.Release|x86.ActiveCfg = Release|x64
		{140DD00C-CD7A-3365-AA21-FE80B4DDB6C8}.Release|x86.Build.0 = Release|x64
		{140DD00C-CD7A-3365-AA21-FE80B4DDB6C8}.RelWithDebInfo|Any CPU.ActiveCfg = RelWithDebInfo|x64
		{140DD00C-CD7A-3365-AA21-FE80B4DDB6C8}.RelWithDebInfo|Any CPU.Build.0 = RelWithDebInfo|x64
		{140DD00C-CD7A-3365-AA21-FE80B4DDB6C8}.RelWithDebInfo|x64.ActiveCfg = RelWithDebInfo|x64
		{140DD00C-CD7A-3365-AA21-FE80B4DDB6C8}.RelWithDebInfo|x64.Build.0 = RelWithDebInfo|x64
		{140DD00C-CD7A-3365-AA21-FE80B4DDB6C8}.RelWithDebInfo|x86.ActiveCfg = RelWithDebInfo|x64
		{140DD00C-CD7A-3365-AA21-FE80B4DDB6C8}.RelWithDebInfo|x86.Build.0 = RelWithDebInfo|x64
		{19200244-745B-37AD-93A6-87F7624FDEE2}.Debug|Any CPU.ActiveCfg = Debug|x64
		{19200244-745B-37AD-93A6-87F7624FDEE2}.Debug|Any CPU.Build.0 = Debug|x64
		{19200244-745B-37AD-93A6-87F7624FDEE2}.Debug|x64.ActiveCfg = Debug|x64
		{19200244-745B-37AD-93A6-87F7624FDEE2}.Debug|x64.Build.0 = Debug|x64
		{19200244-745B-37AD-93A6-87F7624FDEE2}.Debug|x86.ActiveCfg = Debug|x64
		{19200244-745B-37AD-93A6-87F7624FDEE2}.Debug|x86.Build.0 = Debug|x64
		{19200244-745B-37AD-93A6-87F7624FDEE2}.MinSizeRel|Any CPU.ActiveCfg = MinSizeRel|x64
		{19200244-745B-37AD-93A6-87F7624FDEE2}.MinSizeRel|Any CPU.Build.0 = MinSizeRel|x64
		{19200244-745B-37AD-93A6-87F7624FDEE2}.MinSizeRel|x64.ActiveCfg = MinSizeRel|x64
		{19200244-745B-37AD-93A6-87F7624FDEE2}.MinSizeRel|x64.Build.0 = MinSizeRel|x64
		{19200244-745B-37AD-93A6-87F7624FDEE2}.MinSizeRel|x86.ActiveCfg = MinSizeRel|x64
		{19200244-745B-37AD-93A6-87F7624FDEE2}.MinSizeRel|x86.Build.0 = MinSizeRel|x64
		{19200244-745B-37AD-93A6-87F7624FDEE2}.Release|Any CPU.ActiveCfg = Release|x64
		{19200244-745B-37AD-93A6-87F7624FDEE2}.Release|Any CPU.Build.0 = Release|x64
		{19200244-745B-37AD-93A6-87F7624FDEE2}.Release|x64.ActiveCfg = Release|x64
		{19200244-745B-37AD-93A6-87F7624FDEE2}.Release|x64.Build.0 = Release|x64
		{19200244-745B-37AD-93A6-87F7624FDEE2}.Release|x86.ActiveCfg = Release|x64
		{19200244-745B-37AD-93A6-87F7624FDEE2}.Release|x86.Build.0 = Release|x64
		{19200244-745B-37AD-93A6-87F7624FDEE2}.RelWithDebInfo|Any CPU.ActiveCfg = RelWithDebInfo|x64
		{19200244-745B-37AD-93A6-87F7624FDEE2}.RelWithDebInfo|Any CPU.Build.0 = RelWithDebInfo|x64
		{19200244-745B-37AD-93A6-87F7624FDEE2}.RelWithDebInfo|x64.ActiveCfg = RelWithDebInfo|x64
		{19200244-745B-37AD-93A6-87F7624FDEE2}.RelWithDebInfo|x64.Build.0 = RelWithDebInfo|x64
		{19200244-745B-37AD-93A6-87F7624FDEE2}.RelWithDebInfo|x86.ActiveCfg = RelWithDebInfo|x64
		{19200244-745B-37AD-93A6-87F7624FDEE2}.RelWithDebInfo|x86.Build.0 = RelWithDebInfo|x64
		{724E94C3-625B-398B-9F9A-5D92F0513F49}.Debug|Any CPU.ActiveCfg = Debug|x64
		{724E94C3-625B-398B-9F9A-5D92F0513F49}.Debug|Any CPU.Build.0 = Debug|x64
		{724E94C3-625B-398B-9F9A-5D92F0513F49}.Debug|x64.ActiveCfg = Debug|x64
		{724E94C3-625B-398B-9F9A-5D92F0513F49}.Debug|x64.Build.0 = Debug|x64
		{724E94C3-625B-398B-9F9A-5D92F0513F49}.Debug|x86.ActiveCfg = Debug|x64
		{724E94C3-625B-398B-9F9A-5D92F0513F49}.Debug|x86.Build.0 = Debug|x64
		{724E94C3-625B-398B-9F9A-5D92F0513F49}.MinSizeRel|Any CPU.ActiveCfg = MinSizeRel|x64
		{724E94C3-625B-398B-9F9A-5D92F0513F49}.MinSizeRel|Any CPU.Build.0 = MinSizeRel|x64
		{724E94C3-625B-398B-9F9A-5D92F0513F49}.MinSizeRel|x64.ActiveCfg = MinSizeRel|x64
		{724E94C3-625B-398B-9F9A-5D92F0513F49}.MinSizeRel|x64.Build.0 = MinSizeRel|x64
		{724E94C3-625B-398B-9F9A-5D92F0513F49}.MinSizeRel|x86.ActiveCfg = MinSizeRel|x64
		{724E94C3-625B-398B-9F9A-5D92F0513F49}.MinSizeRel|x86.Build.0 = MinSizeRel|x64
		{724E94C3-625B-398B-9F9A-5D92F0513F49}.Release|Any CPU.ActiveCfg = Release|x64
		{724E94C3-625B-398B-9F9A-5D92F0513F49}.Release|Any CPU.Build.0 = Release|x64
		{724E94C3-625B-398B-9F9A-5D92F0513F49}.Release|x64.ActiveCfg = Release|x64
		{724E94C3-625B-398B-9F9A-5D92F0513F49}.Release|x64.Build.0 = Release|x64
		{724E94C3-625B-398B-9F9A-5D92F0513F49}.Release|x86.ActiveCfg = Release|x64
		{724E94C3-625B-398B-9F9A-5D92F0513F49}.Release|x86.Build.0 = Release|x64
		{724E94C3-625B-398B-9F9A-5D92F0513F49}.RelWithDebInfo|Any CPU.ActiveCfg = RelWithDebInfo|x64
		{724E94C3-625B-398B-9F9A-5D92F0513F49}.RelWithDebInfo|Any CPU.Build.0 = RelWithDebInfo|x64
		{724E94C3-625B-398B-9F9A-5D92F0513F49}.RelWithDebInfo|x64.ActiveCfg = RelWithDebInfo|x64
		{724E94C3-625B-398B-9F9A-5D92F0513F49}.RelWithDebInfo|x64.Build.0 = RelWithDebInfo|x64
		{724E94C3-625B-398B-9F9A-5D92F0513F49}.RelWithDebInfo|x86.ActiveCfg = RelWithDebInfo|x64
		{724E94C3-625B-398B-9F9A-5D92F0513F49}.RelWithDebInfo|x86.Build.0 = RelWithDebInfo|x64
		{583E0773-B13B-3621-93BF-4C205EEFE724}.Debug|Any CPU.ActiveCfg = Debug|x64
		{583E0773-B13B-3621-93BF-4C205EEFE724}.Debug|Any CPU.Build.0 = Debug|x64
		{583E0773-B13B-3621-93BF-4C205EEFE724}.Debug|x64.ActiveCfg = Debug|x64
		{583E0773-B13B-3621-93BF-4C205EEFE724}.Debug|x64.Build.0 = Debug|x64
		{583E0773-B13B-3621-93BF-4C205EEFE724}.Debug|x86.ActiveCfg = Debug|x64
		{583E0773-B13B-3621-93BF-4C205EEFE724}.Debug|x86.Build.0 = Debug|x64
		{583E0773-B13B-3621-93BF-4C205EEFE724}.MinSizeRel|Any CPU.ActiveCfg = MinSizeRel|x64
		{583E0773-B13B-3621-93BF-4C205EEFE724}.MinSizeRel|Any CPU.Build.0 = MinSizeRel|x64
		{583E0773-B13B-3621-93BF-4C205EEFE724}.MinSizeRel|x64.ActiveCfg = MinSizeRel|x64
		{583E0773-B13B-3621-93BF-4C205EEFE724}.MinSizeRel|x64.Build.0 = MinSizeRel|x64
		{583E0773-B13B-3621-93BF-4C205EEFE724}.MinSizeRel|x86.ActiveCfg = MinSizeRel|x64
		{583E0773-B13B-3621-93BF-4C205EEFE724}.MinSizeRel|x86.Build.0 = MinSizeRel|x64
		{583E0773-B13B-3621-93BF-4C205EEFE724}.Release|Any CPU.ActiveCfg = Release|x64
		{583E0773-B13B-3621-93BF-4C205EEFE724}.Release|Any CPU.Build.0 = Release|x64
		{583E0773-B13B-3621-93BF-4C205EEFE724}.Release|x64.ActiveCfg = Release|x64
		{583E0773-B13B-3621-93BF-4C205EEFE724}.Release|x64.Build.0 = Release|x64
		{583E0773-B13B-3621-93BF-4C205EEFE724}.Release|x86.ActiveCfg = Release|x64
		{583E0773-B13B-3621-93BF-4C205EEFE724}.Release|x86.Build.0 = Release|x64
		{583E0773-B13B-3621-93BF-4C205EEFE724}.RelWithDebInfo|Any CPU.ActiveCfg = RelWithDebInfo|x64
		{583E0773-B13B-3621-93BF-4C205EEFE724}.RelWithDebInfo|Any CPU.Build.0 = RelWithDebInfo|x64
		{583E0773-B13B-3621-93BF-4C205EEFE724}.RelWithDebInfo|x64.ActiveCfg = RelWithDebInfo|x64
		{583E0773-B13B-3621-93BF-4C205EEFE724}.RelWithDebInfo|x64.Build.0 = RelWithDebInfo|x64
		{583E0773-B13B-3621-93BF-4C205EEFE724}.RelWithDebInfo|x86.ActiveCfg = RelWithDebInfo|x64
		{583E0773-B13B-3621-93BF-4C205EEFE724}.RelWithDebInfo|x86.Build.0 = RelWithDebInfo|x64
		{D3C66DBD-AFBB-3EDA-87AA-6FDAC45C83E5}.Debug|Any CPU.ActiveCfg = Debug|x64
		{D3C66DBD-AFBB-3EDA-87AA-6FDAC45C83E5}.Debug|Any CPU.Build.0 = Debug|x64
		{D3C66DBD-AFBB-3EDA-87AA-6FDAC45C83E5}.Debug|x64.ActiveCfg = Debug|x64
		{D3C66DBD-AFBB-3EDA-87AA-6FDAC45C83E5}.Debug|x64.Build.0 = Debug|x64
		{D3C66DBD-AFBB-3EDA-87AA-6FDAC45C83E5}.Debug|x86.ActiveCfg = Debug|x64
		{D3C66DBD-AFBB-3EDA-87AA-6FDAC45C83E5}.Debug|x86.Build.0 = Debug|x64
		{D3C66DBD-AFBB-3EDA-87AA-6FDAC45C83E5}.MinSizeRel|Any CPU.ActiveCfg = MinSizeRel|x64
		{D3C66DBD-AFBB-3EDA-87AA-6FDAC45C83E5}.MinSizeRel|Any CPU.Build.0 = MinSizeRel|x64
		{D3C66DBD-AFBB-3EDA-87AA-6FDAC45C83E5}.MinSizeRel|x64.ActiveCfg = MinSizeRel|x64
		{D3C66DBD-AFBB-3EDA-87AA-6FDAC45C83E5}.MinSizeRel|x64.Build.0 = MinSizeRel|x64
		{D3C66DBD-AFBB-3EDA-87AA-6FDAC45C83E5}.MinSizeRel|x86.ActiveCfg = MinSizeRel|x64
		{D3C66DBD-AFBB-3EDA-87AA-6FDAC45C83E5}.MinSizeRel|x86.Build.0 = MinSizeRel|x64
		{D3C66DBD-AFBB-3EDA-87AA-6FDAC45C83E5}.Release|Any CPU.ActiveCfg = Release|x64
		{D3C66DBD-AFBB-3EDA-87AA-6FDAC45C83E5}.Release|Any CPU.Build.0 = Release|x64
		{D3C66DBD-AFBB-3EDA-87AA-6FDAC45C83E5}.Release|x64.ActiveCfg = Release|x64
		{D3C66DBD-AFBB-3EDA-87AA-6FDAC45C83E5}.Release|x64.Build.0 = Release|x64
		{D3C66DBD-AFBB-3EDA-87AA-6FDAC45C83E5}.Release|x86.ActiveCfg = Release|x64
		{D3C66DBD-AFBB-3EDA-87AA-6FDAC45C83E5}.Release|x86.Build.0 = Release|x64
		{D3C66DBD-AFBB-3EDA-87AA-6FDAC45C83E5}.RelWithDebInfo|Any CPU.ActiveCfg = RelWithDebInfo|x64
		{D3C66DBD-AFBB-3EDA-87AA-6FDAC45C83E5}.RelWithDebInfo|Any CPU.Build.0 = RelWithDebInfo|x64
		{D3C66DBD-AFBB-3EDA-87AA-6FDAC45C83E5}.RelWithDebInfo|x64.ActiveCfg = RelWithDebInfo|x64
		{D3C66DBD-AFBB-3EDA-87AA-6FDAC45C83E5}.RelWithDebInfo|x64.Build.0 = RelWithDebInfo|x64
		{D3C66DBD-AFBB-3EDA-87AA-6FDAC45C83E5}.RelWithDebInfo|x86.ActiveCfg = RelWithDebInfo|x64
		{D3C66DBD-AFBB-3EDA-87AA-6FDAC45C83E5}.RelWithDebInfo|x86.Build.0 = RelWithDebInfo|x64
		{8F7125FB-0491-3075-B0D1-0059D7B77F76}.Debug|Any CPU.ActiveCfg = Debug|x64
		{8F7125FB-0491-3075-B0D1-0059D7B77F76}.Debug|Any CPU.Build.0 = Debug|x64
		{8F7125FB-0491-3075-B0D1-0059D7B77F76}.Debug|x64.ActiveCfg = Debug|x64
		{8F7125FB-0491-3075-B0D1-0059D7B77F76}.Debug|x64.Build.0 = Debug|x64
		{8F7125FB-0491-3075-B0D1-0059D7B77F76}.Debug|x86.ActiveCfg = Debug|x64
		{8F7125FB-0491-3075-B0D1-0059D7B77F76}.Debug|x86.Build.0 = Debug|x64
		{8F7125FB-0491-3075-B0D1-0059D7B77F76}.MinSizeRel|Any CPU.ActiveCfg = MinSizeRel|x64
		{8F7125FB-0491-3075-B0D1-0059D7B77F76}.MinSizeRel|Any CPU.Build.0 = MinSizeRel|x64
		{8F7125FB-0491-3075-B0D1-0059D7B77F76}.MinSizeRel|x64.ActiveCfg = MinSizeRel|x64
		{8F7125FB-0491-3075-B0D1-0059D7B77F76}.MinSizeRel|x64.Build.0 = MinSizeRel|x64
		{8F7125FB-0491-3075-B0D1-0059D7B77F76}.MinSizeRel|x86.ActiveCfg = MinSizeRel|x64
		{8F7125FB-0491-3075-B0D1-0059D7B77F76}.MinSizeRel|x86.Build.0 = MinSizeRel|x64
		{8F7125FB-0491-3075-B0D1-0059D7B77F76}.Release|Any CPU.ActiveCfg = Release|x64
		{8F7125FB-0491-3075-B0D1-0059D7B77F76}.Release|Any CPU.Build.0 = Release|x64
		{8F7125FB-0491-3075-B0D1-0059D7B77F76}.Release|x64.ActiveCfg = Release|x64
		{8F7125FB-0491-3075-B0D1-0059D7B77F76}.Release|x64.Build.0 = Release|x64
		{8F7125FB-0491-3075-B0D1-0059D7B77F76}.Release|x86.ActiveCfg = Release|x64
		{8F7125FB-0491-3075-B0D1-0059D7B77F76}.Release|x86.Build.0 = Release|x64
		{8F7125FB-0491-3075-B0D1-0059D7B77F76}.RelWithDebInfo|Any CPU.ActiveCfg = RelWithDebInfo|x64
		{8F7125FB-0491-3075-B0D1-0059D7B77F76}.RelWithDebInfo|Any CPU.Build.0 = RelWithDebInfo|x64
		{8F7125FB-0491-3075-B0D1-0059D7B77F76}.RelWithDebInfo|x64.ActiveCfg = RelWithDebInfo|x64
		{8F7125FB-0491-3075-B0D1-0059D7B77F76}.RelWithDebInfo|x64.Build.0 = RelWithDebInfo|x64
		{8F7125FB-0491-3075-B0D1-0059D7B77F76}.RelWithDebInfo|x86.ActiveCfg = RelWithDebInfo|x64
		{8F7125FB-0491-3075-B0D1-0059D7B77F76}.RelWithDebInfo|x86.Build.0 = RelWithDebInfo|x64
		{038A7BA5-9FA5-3980-BBAC-EC3F4B6C1B21}.Debug|Any CPU.ActiveCfg = Debug|x64
		{038A7BA5-9FA5-3980-BBAC-EC3F4B6C1B21}.Debug|Any CPU.Build.0 = Debug|x64
		{038A7BA5-9FA5-3980-BBAC-EC3F4B6C1B21}.Debug|x64.ActiveCfg = Debug|x64
		{038A7BA5-9FA5-3980-BBAC-EC3F4B6C1B21}.Debug|x64.Build.0 = Debug|x64
		{038A7BA5-9FA5-3980-BBAC-EC3F4B6C1B21}.Debug|x86.ActiveCfg = Debug|x64
		{038A7BA5-9FA5-3980-BBAC-EC3F4B6C1B21}.Debug|x86.Build.0 = Debug|x64
		{038A7BA5-9FA5-3980-BBAC-EC3F4B6C1B21}.MinSizeRel|Any CPU.ActiveCfg = MinSizeRel|x64
		{038A7BA5-9FA5-3980-BBAC-EC3F4B6C1B21}.MinSizeRel|Any CPU.Build.0 = MinSizeRel|x64
		{038A7BA5-9FA5-3980-BBAC-EC3F4B6C1B21}.MinSizeRel|x64.ActiveCfg = MinSizeRel|x64
		{038A7BA5-9FA5-3980-BBAC-EC3F4B6C1B21}.MinSizeRel|x64.Build.0 = MinSizeRel|x64
		{038A7BA5-9FA5-3980-BBAC-EC3F4B6C1B21}.MinSizeRel|x86.ActiveCfg = MinSizeRel|x64
		{038A7BA5-9FA5-3980-BBAC-EC3F4B6C1B21}.MinSizeRel|x86.Build.0 = MinSizeRel|x64
		{038A7BA5-9FA5-3980-BBAC-EC3F4B6C1B21}.Release|Any CPU.ActiveCfg = Release|x64
		{038A7BA5-9FA5-3980-BBAC-EC3F4B6C1B21}.Release|Any CPU.Build.0 = Release|x64
		{038A7BA5-9FA5-3980-BBAC-EC3F4B6C1B21}.Release|x64.ActiveCfg = Release|x64
		{038A7BA5-9FA5-3980-BBAC-EC3F4B6C1B21}.Release|x64.Build.0 = Release|x64
		{038A7BA5-9FA5-3980-BBAC-EC3F4B6C1B21}.Release|x86.ActiveCfg = Release|x64
		{038A7BA5-9FA5-3980-BBAC-EC3F4B6C1B21}.Release|x86.Build.0 = Release|x64
		{038A7BA5-9FA5-3980-BBAC-EC3F4B6C1B21}.RelWithDebInfo|Any CPU.ActiveCfg = RelWithDebInfo|x64
		{038A7BA5-9FA5-3980-BBAC-EC3F4B6C1B21}.RelWithDebInfo|Any CPU.Build.0 = RelWithDebInfo|x64
		{038A7BA5-9FA5-3980-BBAC-EC3F4B6C1B21}.RelWithDebInfo|x64.ActiveCfg = RelWithDebInfo|x64
		{038A7BA5-9FA5-3980-BBAC-EC3F4B6C1B21}.RelWithDebInfo|x64.Build.0 = RelWithDebInfo|x64
		{038A7BA5-9FA5-3980-BBAC-EC3F4B6C1B21}.RelWithDebInfo|x86.ActiveCfg = RelWithDebInfo|x64
		{038A7BA5-9FA5-3980-BBAC-EC3F4B6C1B21}.RelWithDebInfo|x86.Build.0 = RelWithDebInfo|x64
		{1544C3CF-12AF-3581-B1A3-740CD14899A7}.Debug|Any CPU.ActiveCfg = Debug|x64
		{1544C3CF-12AF-3581-B1A3-740CD14899A7}.Debug|Any CPU.Build.0 = Debug|x64
		{1544C3CF-12AF-3581-B1A3-740CD14899A7}.Debug|x64.ActiveCfg = Debug|x64
		{1544C3CF-12AF-3581-B1A3-740CD14899A7}.Debug|x64.Build.0 = Debug|x64
		{1544C3CF-12AF-3581-B1A3-740CD14899A7}.Debug|x86.ActiveCfg = Debug|x64
		{1544C3CF-12AF-3581-B1A3-740CD14899A7}.Debug|x86.Build.0 = Debug|x64
		{1544C3CF-12AF-3581-B1A3-740CD14899A7}.MinSizeRel|Any CPU.ActiveCfg = MinSizeRel|x64
		{1544C3CF-12AF-3581-B1A3-740CD14899A7}.MinSizeRel|Any CPU.Build.0 = MinSizeRel|x64
		{1544C3CF-12AF-3581-B1A3-740CD14899A7}.MinSizeRel|x64.ActiveCfg = MinSizeRel|x64
		{1544C3CF-12AF-3581-B1A3-740CD14899A7}.MinSizeRel|x64.Build.0 = MinSizeRel|x64
		{1544C3CF-12AF-3581-B1A3-740CD14899A7}.MinSizeRel|x86.ActiveCfg = MinSizeRel|x64
		{1544C3CF-12AF-3581-B1A3-740CD14899A7}.MinSizeRel|x86.Build.0 = MinSizeRel|x64
		{1544C3CF-12AF-3581-B1A3-740CD14899A7}.Release|Any CPU.ActiveCfg = Release|x64
		{1544C3CF-12AF-3581-B1A3-740CD14899A7}.Release|Any CPU.Build.0 = Release|x64
		{1544C3CF-12AF-3581-B1A3-740CD14899A7}.Release|x64.ActiveCfg = Release|x64
		{1544C3CF-12AF-3581-B1A3-740CD14899A7}.Release|x64.Build.0 = Release|x64
		{1544C3CF-12AF-3581-B1A3-740CD14899A7}.Release|x86.ActiveCfg = Release|x64
		{1544C3CF-12AF-3581-B1A3-740CD14899A7}.Release|x86.Build.0 = Release|x64
		{1544C3CF-12AF-3581-B1A3-740CD14899A7}.RelWithDebInfo|Any CPU.ActiveCfg = RelWithDebInfo|x64
		{1544C3CF-12AF-3581-B1A3-740CD14899A7}.RelWithDebInfo|Any CPU.Build.0 = RelWithDebInfo|x64
		{1544C3CF-12AF-3581-B1A3-740CD14899A7}.RelWithDebInfo|x64.ActiveCfg = RelWithDebInfo|x64
		{1544C3CF-12AF-3581-B1A3-740CD14899A7}.RelWithDebInfo|x64.Build.0 = RelWithDebInfo|x64
		{1544C3CF-12AF-3581-B1A3-740CD14899A7}.RelWithDebInfo|x86.ActiveCfg = RelWithDebInfo|x64
		{1544C3CF-12AF-3581-B1A3-740CD14899A7}.RelWithDebInfo|x86.Build.0 = RelWithDebInfo|x64
		{830D9153-7B7B-3332-B60C-CD5225AE545F}.Debug|Any CPU.ActiveCfg = Debug|x64
		{830D9153-7B7B-3332-B60C-CD5225AE545F}.Debug|Any CPU.Build.0 = Debug|x64
		{830D9153-7B7B-3332-B60C-CD5225AE545F}.Debug|x64.ActiveCfg = Debug|x64
		{830D9153-7B7B-3332-B60C-CD5225AE545F}.Debug|x64.Build.0 = Debug|x64
		{830D9153-7B7B-3332-B60C-CD5225AE545F}.Debug|x86.ActiveCfg = Debug|x64
		{830D9153-7B7B-3332-B60C-CD5225AE545F}.Debug|x86.Build.0 = Debug|x64
		{830D9153-7B7B-3332-B60C-CD5225AE545F}.MinSizeRel|Any CPU.ActiveCfg = MinSizeRel|x64
		{830D9153-7B7B-3332-B60C-CD5225AE545F}.MinSizeRel|Any CPU.Build.0 = MinSizeRel|x64
		{830D9153-7B7B-3332-B60C-CD5225AE545F}.MinSizeRel|x64.ActiveCfg = MinSizeRel|x64
		{830D9153-7B7B-3332-B60C-CD5225AE545F}.MinSizeRel|x64.Build.0 = MinSizeRel|x64
		{830D9153-7B7B-3332-B60C-CD5225AE545F}.MinSizeRel|x86.ActiveCfg = MinSizeRel|x64
		{830D9153-7B7B-3332-B60C-CD5225AE545F}.MinSizeRel|x86.Build.0 = MinSizeRel|x64
		{830D9153-7B7B-3332-B60C-CD5225AE545F}.Release|Any CPU.ActiveCfg = Release|x64
		{830D9153-7B7B-3332-B60C-CD5225AE545F}.Release|Any CPU.Build.0 = Release|x64
		{830D9153-7B7B-3332-B60C-CD5225AE545F}.Release|x64.ActiveCfg = Release|x64
		{830D9153-7B7B-3332-B60C-CD5225AE545F}.Release|x64.Build.0 = Release|x64
		{830D9153-7B7B-3332-B60C-CD5225AE545F}.Release|x86.ActiveCfg = Release|x64
		{830D9153-7B7B-3332-B60C-CD5225AE545F}.Release|x86.Build.0 = Release|x64
		{830D9153-7B7B-3332-B60C-CD5225AE545F}.RelWithDebInfo|Any CPU.ActiveCfg = RelWithDebInfo|x64
		{830D9153-7B7B-3332-B60C-CD5225AE545F}.RelWithDebInfo|Any CPU.Build.0 = RelWithDebInfo|x64
		{830D9153-7B7B-3332-B60C-CD5225AE545F}.RelWithDebInfo|x64.ActiveCfg = RelWithDebInfo|x64
		{830D9153-7B7B-3332-B60C-CD5225AE545F}.RelWithDebInfo|x64.Build.0 = RelWithDebInfo|x64
		{830D9153-7B7B-3332-B60C-CD5225AE545F}.RelWithDebInfo|x86.ActiveCfg = RelWithDebInfo|x64
		{830D9153-7B7B-3332-B60C-CD5225AE545F}.RelWithDebInfo|x86.Build.0 = RelWithDebInfo|x64
		{4EA00A44-91A6-34C4-8416-E55EE3B74095}.Debug|Any CPU.ActiveCfg = Debug|x64
		{4EA00A44-91A6-34C4-8416-E55EE3B74095}.Debug|Any CPU.Build.0 = Debug|x64
		{4EA00A44-91A6-34C4-8416-E55EE3B74095}.Debug|x64.ActiveCfg = Debug|x64
		{4EA00A44-91A6-34C4-8416-E55EE3B74095}.Debug|x64.Build.0 = Debug|x64
		{4EA00A44-91A6-34C4-8416-E55EE3B74095}.Debug|x86.ActiveCfg = Debug|x64
		{4EA00A44-91A6-34C4-8416-E55EE3B74095}.Debug|x86.Build.0 = Debug|x64
		{4EA00A44-91A6-34C4-8416-E55EE3B74095}.MinSizeRel|Any CPU.ActiveCfg = MinSizeRel|x64
		{4EA00A44-91A6-34C4-8416-E55EE3B74095}.MinSizeRel|Any CPU.Build.0 = MinSizeRel|x64
		{4EA00A44-91A6-34C4-8416-E55EE3B74095}.MinSizeRel|x64.ActiveCfg = MinSizeRel|x64
		{4EA00A44-91A6-34C4-8416-E55EE3B74095}.MinSizeRel|x64.Build.0 = MinSizeRel|x64
		{4EA00A44-91A6-34C4-8416-E55EE3B74095}.MinSizeRel|x86.ActiveCfg = MinSizeRel|x64
		{4EA00A44-91A6-34C4-8416-E55EE3B74095}.MinSizeRel|x86.Build.0 = MinSizeRel|x64
		{4EA00A44-91A6-34C4-8416-E55EE3B74095}.Release|Any CPU.ActiveCfg = Release|x64
		{4EA00A44-91A6-34C4-8416-E55EE3B74095}.Release|Any CPU.Build.0 = Release|x64
		{4EA00A44-91A6-34C4-8416-E55EE3B74095}.Release|x64.ActiveCfg = Release|x64
		{4EA00A44-91A6-34C4-8416-E55EE3B74095}.Release|x64.Build.0 = Release|x64
		{4EA00A44-91A6-34C4-8416-E55EE3B74095}.Release|x86.ActiveCfg = Release|x64
		{4EA00A44-91A6-34C4-8416-E55EE3B74095}.Release|x86.Build.0 = Release|x64
		{4EA00A44-91A6-34C4-8416-E55EE3B74095}.RelWithDebInfo|Any CPU.ActiveCfg = RelWithDebInfo|x64
		{4EA00A44-91A6-34C4-8416-E55EE3B74095}.RelWithDebInfo|Any CPU.Build.0 = RelWithDebInfo|x64
		{4EA00A44-91A6-34C4-8416-E55EE3B74095}.RelWithDebInfo|x64.ActiveCfg = RelWithDebInfo|x64
		{4EA00A44-91A6-34C4-8416-E55EE3B74095}.RelWithDebInfo|x64.Build.0 = RelWithDebInfo|x64
		{4EA00A44-91A6-34C4-8416-E55EE3B74095}.RelWithDebInfo|x86.ActiveCfg = RelWithDebInfo|x64
		{4EA00A44-91A6-34C4-8416-E55EE3B74095}.RelWithDebInfo|x86.Build.0 = RelWithDebInfo|x64
		{6A3E795C-5593-33B6-8587-4A8F02943308}.Debug|Any CPU.ActiveCfg = Debug|x64
		{6A3E795C-5593-33B6-8587-4A8F02943308}.Debug|Any CPU.Build.0 = Debug|x64
		{6A3E795C-5593-33B6-8587-4A8F02943308}.Debug|x64.ActiveCfg = Debug|x64
		{6A3E795C-5593-33B6-8587-4A8F02943308}.Debug|x64.Build.0 = Debug|x64
		{6A3E795C-5593-33B6-8587-4A8F02943308}.Debug|x86.ActiveCfg = Debug|x64
		{6A3E795C-5593-33B6-8587-4A8F02943308}.Debug|x86.Build.0 = Debug|x64
		{6A3E795C-5593-33B6-8587-4A8F02943308}.MinSizeRel|Any CPU.ActiveCfg = MinSizeRel|x64
		{6A3E795C-5593-33B6-8587-4A8F02943308}.MinSizeRel|Any CPU.Build.0 = MinSizeRel|x64
		{6A3E795C-5593-33B6-8587-4A8F02943308}.MinSizeRel|x64.ActiveCfg = MinSizeRel|x64
		{6A3E795C-5593-33B6-8587-4A8F02943308}.MinSizeRel|x64.Build.0 = MinSizeRel|x64
		{6A3E795C-5593-33B6-8587-4A8F02943308}.MinSizeRel|x86.ActiveCfg = MinSizeRel|x64
		{6A3E795C-5593-33B6-8587-4A8F02943308}.MinSizeRel|x86.Build.0 = MinSizeRel|x64
		{6A3E795C-5593-33B6-8587-4A8F02943308}.Release|Any CPU.ActiveCfg = Release|x64
		{6A3E795C-5593-33B6-8587-4A8F02943308}.Release|Any CPU.Build.0 = Release|x64
		{6A3E795C-5593-33B6-8587-4A8F02943308}.Release|x64.ActiveCfg = Release|x64
		{6A3E795C-5593-33B6-8587-4A8F02943308}.Release|x64.Build.0 = Release|x64
		{6A3E795C-5593-33B6-8587-4A8F02943308}.Release|x86.ActiveCfg = Release|x64
		{6A3E795C-5593-33B6-8587-4A8F02943308}.Release|x86.Build.0 = Release|x64
		{6A3E795C-5593-33B6-8587-4A8F02943308}.RelWithDebInfo|Any CPU.ActiveCfg = RelWithDebInfo|x64
		{6A3E795C-5593-33B6-8587-4A8F02943308}.RelWithDebInfo|Any CPU.Build.0 = RelWithDebInfo|x64
		{6A3E795C-5593-33B6-8587-4A8F02943308}.RelWithDebInfo|x64.ActiveCfg = RelWithDebInfo|x64
		{6A3E795C-5593-33B6-8587-4A8F02943308}.RelWithDebInfo|x64.Build.0 = RelWithDebInfo|x64
		{6A3E795C-5593-33B6-8587-4A8F02943308}.RelWithDebInfo|x86.ActiveCfg = RelWithDebInfo|x64
		{6A3E795C-5593-33B6-8587-4A8F02943308}.RelWithDebInfo|x86.Build.0 = RelWithDebInfo|x64
		{25D9D9F8-DFB7-320B-8090-5DC01B4E0878}.Debug|Any CPU.ActiveCfg = Debug|x64
		{25D9D9F8-DFB7-320B-8090-5DC01B4E0878}.Debug|Any CPU.Build.0 = Debug|x64
		{25D9D9F8-DFB7-320B-8090-5DC01B4E0878}.Debug|x64.ActiveCfg = Debug|x64
		{25D9D9F8-DFB7-320B-8090-5DC01B4E0878}.Debug|x64.Build.0 = Debug|x64
		{25D9D9F8-DFB7-320B-8090-5DC01B4E0878}.Debug|x86.ActiveCfg = Debug|x64
		{25D9D9F8-DFB7-320B-8090-5DC01B4E0878}.Debug|x86.Build.0 = Debug|x64
		{25D9D9F8-DFB7-320B-8090-5DC01B4E0878}.MinSizeRel|Any CPU.ActiveCfg = MinSizeRel|x64
		{25D9D9F8-DFB7-320B-8090-5DC01B4E0878}.MinSizeRel|Any CPU.Build.0 = MinSizeRel|x64
		{25D9D9F8-DFB7-320B-8090-5DC01B4E0878}.MinSizeRel|x64.ActiveCfg = MinSizeRel|x64
		{25D9D9F8-DFB7-320B-8090-5DC01B4E0878}.MinSizeRel|x64.Build.0 = MinSizeRel|x64
		{25D9D9F8-DFB7-320B-8090-5DC01B4E0878}.MinSizeRel|x86.ActiveCfg = MinSizeRel|x64
		{25D9D9F8-DFB7-320B-8090-5DC01B4E0878}.MinSizeRel|x86.Build.0 = MinSizeRel|x64
		{25D9D9F8-DFB7-320B-8090-5DC01B4E0878}.Release|Any CPU.ActiveCfg = Release|x64
		{25D9D9F8-DFB7-320B-8090-5DC01B4E0878}.Release|Any CPU.Build.0 = Release|x64
		{25D9D9F8-DFB7-320B-8090-5DC01B4E0878}.Release|x64.ActiveCfg = Release|x64
		{25D9D9F8-DFB7-320B-8090-5DC01B4E0878}.Release|x64.Build.0 = Release|x64
		{25D9D9F8-DFB7-320B-8090-5DC01B4E0878}.Release|x86.ActiveCfg = Release|x64
		{25D9D9F8-DFB7-320B-8090-5DC01B4E0878}.Release|x86.Build.0 = Release|x64
		{25D9D9F8-DFB7-320B-8090-5DC01B4E0878}.RelWithDebInfo|Any CPU.ActiveCfg = RelWithDebInfo|x64
		{25D9D9F8-DFB7-320B-8090-5DC01B4E0878}.RelWithDebInfo|Any CPU.Build.0 = RelWithDebInfo|x64
		{25D9D9F8-DFB7-320B-8090-5DC01B4E0878}.RelWithDebInfo|x64.ActiveCfg = RelWithDebInfo|x64
		{25D9D9F8-DFB7-320B-8090-5DC01B4E0878}.RelWithDebInfo|x64.Build.0 = RelWithDebInfo|x64
		{25D9D9F8-DFB7-320B-8090-5DC01B4E0878}.RelWithDebInfo|x86.ActiveCfg = RelWithDebInfo|x64
		{25D9D9F8-DFB7-320B-8090-5DC01B4E0878}.RelWithDebInfo|x86.Build.0 = RelWithDebInfo|x64
		{D35F924C-901A-3BAA-B64E-955ACCF1566C}.Debug|Any CPU.ActiveCfg = Debug|x64
		{D35F924C-901A-3BAA-B64E-955ACCF1566C}.Debug|Any CPU.Build.0 = Debug|x64
		{D35F924C-901A-3BAA-B64E-955ACCF1566C}.Debug|x64.ActiveCfg = Debug|x64
		{D35F924C-901A-3BAA-B64E-955ACCF1566C}.Debug|x64.Build.0 = Debug|x64
		{D35F924C-901A-3BAA-B64E-955ACCF1566C}.Debug|x86.ActiveCfg = Debug|x64
		{D35F924C-901A-3BAA-B64E-955ACCF1566C}.Debug|x86.Build.0 = Debug|x64
		{D35F924C-901A-3BAA-B64E-955ACCF1566C}.MinSizeRel|Any CPU.ActiveCfg = MinSizeRel|x64
		{D35F924C-901A-3BAA-B64E-955ACCF1566C}.MinSizeRel|Any CPU.Build.0 = MinSizeRel|x64
		{D35F924C-901A-3BAA-B64E-955ACCF1566C}.MinSizeRel|x64.ActiveCfg = MinSizeRel|x64
		{D35F924C-901A-3BAA-B64E-955ACCF1566C}.MinSizeRel|x64.Build.0 = MinSizeRel|x64
		{D35F924C-901A-3BAA-B64E-955ACCF1566C}.MinSizeRel|x86.ActiveCfg = MinSizeRel|x64
		{D35F924C-901A-3BAA-B64E-955ACCF1566C}.MinSizeRel|x86.Build.0 = MinSizeRel|x64
		{D35F924C-901A-3BAA-B64E-955ACCF1566C}.Release|Any CPU.ActiveCfg = Release|x64
		{D35F924C-901A-3BAA-B64E-955ACCF1566C}.Release|Any CPU.Build.0 = Release|x64
		{D35F924C-901A-3BAA-B64E-955ACCF1566C}.Release|x64.ActiveCfg = Release|x64
		{D35F924C-901A-3BAA-B64E-955ACCF1566C}.Release|x64.Build.0 = Release|x64
		{D35F924C-901A-3BAA-B64E-955ACCF1566C}.Release|x86.ActiveCfg = Release|x64
		{D35F924C-901A-3BAA-B64E-955ACCF1566C}.Release|x86.Build.0 = Release|x64
		{D35F924C-901A-3BAA-B64E-955ACCF1566C}.RelWithDebInfo|Any CPU.ActiveCfg = RelWithDebInfo|x64
		{D35F924C-901A-3BAA-B64E-955ACCF1566C}.RelWithDebInfo|Any CPU.Build.0 = RelWithDebInfo|x64
		{D35F924C-901A-3BAA-B64E-955ACCF1566C}.RelWithDebInfo|x64.ActiveCfg = RelWithDebInfo|x64
		{D35F924C-901A-3BAA-B64E-955ACCF1566C}.RelWithDebInfo|x64.Build.0 = RelWithDebInfo|x64
		{D35F924C-901A-3BAA-B64E-955ACCF1566C}.RelWithDebInfo|x86.ActiveCfg = RelWithDebInfo|x64
		{D35F924C-901A-3BAA-B64E-955ACCF1566C}.RelWithDebInfo|x86.Build.0 = RelWithDebInfo|x64
	EndGlobalSection
	GlobalSection(SolutionProperties) = preSolution
		HideSolutionNode = FALSE
	EndGlobalSection
	GlobalSection(NestedProjects) = preSolution
		{140DD00C-CD7A-3365-AA21-FE80B4DDB6C8} = {A5C9081F-AAA8-4431-8125-7538385B5412}
		{19200244-745B-37AD-93A6-87F7624FDEE2} = {A5C9081F-AAA8-4431-8125-7538385B5412}
		{724E94C3-625B-398B-9F9A-5D92F0513F49} = {A5C9081F-AAA8-4431-8125-7538385B5412}
		{583E0773-B13B-3621-93BF-4C205EEFE724} = {A5C9081F-AAA8-4431-8125-7538385B5412}
		{D3C66DBD-AFBB-3EDA-87AA-6FDAC45C83E5} = {A5C9081F-AAA8-4431-8125-7538385B5412}
		{8F7125FB-0491-3075-B0D1-0059D7B77F76} = {A5C9081F-AAA8-4431-8125-7538385B5412}
		{038A7BA5-9FA5-3980-BBAC-EC3F4B6C1B21} = {A5C9081F-AAA8-4431-8125-7538385B5412}
		{1544C3CF-12AF-3581-B1A3-740CD14899A7} = {A5C9081F-AAA8-4431-8125-7538385B5412}
		{830D9153-7B7B-3332-B60C-CD5225AE545F} = {A5C9081F-AAA8-4431-8125-7538385B5412}
		{4EA00A44-91A6-34C4-8416-E55EE3B74095} = {A5C9081F-AAA8-4431-8125-7538385B5412}
		{6A3E795C-5593-33B6-8587-4A8F02943308} = {A5C9081F-AAA8-4431-8125-7538385B5412}
		{25D9D9F8-DFB7-320B-8090-5DC01B4E0878} = {A5C9081F-AAA8-4431-8125-7538385B5412}
		{D35F924C-901A-3BAA-B64E-955ACCF1566C} = {A5C9081F-AAA8-4431-8125-7538385B5412}
	EndGlobalSection
	GlobalSection(ExtensibilityGlobals) = postSolution
		SolutionGuid = {633D653C-CD6E-4368-87B5-FDC454814115}
	EndGlobalSection
EndGlobal
