
Microsoft Visual Studio Solution File, Format Version 12.00
# Visual Studio Version 16
VisualStudioVersion = 16.0.32413.511
MinimumVisualStudioVersion = 10.0.40219.1
Project("{8BC9CEB8-8B4A-11D0-8D11-00A0C91BC942}") = "bgfx", "bgfx\.build\projects\vs2017\bgfx.vcxproj", "{6C90947C-58C7-950D-01B4-7B10EDC9110F}"
EndProject
Project("{8BC9CEB8-8B4A-11D0-8D11-00A0C91BC942}") = "bimg", "bgfx\.build\projects\vs2017\bimg.vcxproj", "{C499947C-B0D0-950D-59BD-7B1045D3110F}"
EndProject
Project("{8BC9CEB8-8B4A-11D0-8D11-00A0C91BC942}") = "bimg_decode", "bgfx\.build\projects\vs2017\bimg_decode.vcxproj", "{A7B931CA-136F-AABF-9C63-A4960818A1C3}"
EndProject
Project("{8BC9CEB8-8B4A-11D0-8D11-00A0C91BC942}") = "bx", "bgfx\.build\projects\vs2017\bx.vcxproj", "{5F775900-4B03-880B-B4B1-880BA05C880B}"
EndProject
Project("{8BC9CEB8-8B4A-11D0-8D11-00A0C91BC942}") = "example-00-helloworld", "bgfx\.build\projects\vs2017\example-00-helloworld.vcxproj", "{07C26CF4-732E-28EF-3C22-C04CA84D4A57}"
EndProject
Project("{2150E333-8FDC-42A3-9474-1A3956D46DE8}") = "libs", "libs", "{23927822-9BAF-4EE2-A094-FBD1A1B725D1}"
EndProject
Project("{8BC9CEB8-8B4A-11D0-8D11-00A0C91BC942}") = "example-common", "bgfx\.build\projects\vs2017\example-common.vcxproj", "{A788128C-9356-0692-7CEA-76B86857E2F6}"
EndProject
Project("{8BC9CEB8-8B4A-11D0-8D11-00A0C91BC942}") = "example-glue", "bgfx\.build\projects\vs2017\example-glue.vcxproj", "{2B1D7912-1780-08B7-C005-416DAC47D439}"
EndProject
Project("{2150E333-8FDC-42A3-9474-1A3956D46DE8}") = "examples", "examples", "{523D72F0-A2EF-4B43-9BDC-2A731F8AAF2D}"
EndProject
Project("{8BC9CEB8-8B4A-11D0-8D11-00A0C91BC942}") = "engine", "engine\engine.vcxproj", "{77471475-25BC-416D-AB00-DDF4737010CD}"
EndProject
Global
	GlobalSection(SolutionConfigurationPlatforms) = preSolution
		Debug|Any CPU = Debug|Any CPU
		Debug|x64 = Debug|x64
		Debug|x86 = Debug|x86
		Release|Any CPU = Release|Any CPU
		Release|x64 = Release|x64
		Release|x86 = Release|x86
	EndGlobalSection
	GlobalSection(ProjectConfigurationPlatforms) = postSolution
		{6C90947C-58C7-950D-01B4-7B10EDC9110F}.Debug|Any CPU.ActiveCfg = Debug|Win32
		{6C90947C-58C7-950D-01B4-7B10EDC9110F}.Debug|x64.ActiveCfg = Debug|x64
		{6C90947C-58C7-950D-01B4-7B10EDC9110F}.Debug|x64.Build.0 = Debug|x64
		{6C90947C-58C7-950D-01B4-7B10EDC9110F}.Debug|x86.ActiveCfg = Debug|Win32
		{6C90947C-58C7-950D-01B4-7B10EDC9110F}.Debug|x86.Build.0 = Debug|Win32
		{6C90947C-58C7-950D-01B4-7B10EDC9110F}.Release|Any CPU.ActiveCfg = Release|Win32
		{6C90947C-58C7-950D-01B4-7B10EDC9110F}.Release|x64.ActiveCfg = Release|x64
		{6C90947C-58C7-950D-01B4-7B10EDC9110F}.Release|x64.Build.0 = Release|x64
		{6C90947C-58C7-950D-01B4-7B10EDC9110F}.Release|x86.ActiveCfg = Release|Win32
		{6C90947C-58C7-950D-01B4-7B10EDC9110F}.Release|x86.Build.0 = Release|Win32
		{C499947C-B0D0-950D-59BD-7B1045D3110F}.Debug|Any CPU.ActiveCfg = Debug|Win32
		{C499947C-B0D0-950D-59BD-7B1045D3110F}.Debug|x64.ActiveCfg = Debug|x64
		{C499947C-B0D0-950D-59BD-7B1045D3110F}.Debug|x64.Build.0 = Debug|x64
		{C499947C-B0D0-950D-59BD-7B1045D3110F}.Debug|x86.ActiveCfg = Debug|Win32
		{C499947C-B0D0-950D-59BD-7B1045D3110F}.Debug|x86.Build.0 = Debug|Win32
		{C499947C-B0D0-950D-59BD-7B1045D3110F}.Release|Any CPU.ActiveCfg = Release|Win32
		{C499947C-B0D0-950D-59BD-7B1045D3110F}.Release|x64.ActiveCfg = Release|x64
		{C499947C-B0D0-950D-59BD-7B1045D3110F}.Release|x64.Build.0 = Release|x64
		{C499947C-B0D0-950D-59BD-7B1045D3110F}.Release|x86.ActiveCfg = Release|Win32
		{C499947C-B0D0-950D-59BD-7B1045D3110F}.Release|x86.Build.0 = Release|Win32
		{A7B931CA-136F-AABF-9C63-A4960818A1C3}.Debug|Any CPU.ActiveCfg = Debug|Win32
		{A7B931CA-136F-AABF-9C63-A4960818A1C3}.Debug|x64.ActiveCfg = Debug|x64
		{A7B931CA-136F-AABF-9C63-A4960818A1C3}.Debug|x64.Build.0 = Debug|x64
		{A7B931CA-136F-AABF-9C63-A4960818A1C3}.Debug|x86.ActiveCfg = Debug|Win32
		{A7B931CA-136F-AABF-9C63-A4960818A1C3}.Debug|x86.Build.0 = Debug|Win32
		{A7B931CA-136F-AABF-9C63-A4960818A1C3}.Release|Any CPU.ActiveCfg = Release|Win32
		{A7B931CA-136F-AABF-9C63-A4960818A1C3}.Release|x64.ActiveCfg = Release|x64
		{A7B931CA-136F-AABF-9C63-A4960818A1C3}.Release|x64.Build.0 = Release|x64
		{A7B931CA-136F-AABF-9C63-A4960818A1C3}.Release|x86.ActiveCfg = Release|Win32
		{A7B931CA-136F-AABF-9C63-A4960818A1C3}.Release|x86.Build.0 = Release|Win32
		{5F775900-4B03-880B-B4B1-880BA05C880B}.Debug|Any CPU.ActiveCfg = Debug|Win32
		{5F775900-4B03-880B-B4B1-880BA05C880B}.Debug|x64.ActiveCfg = Debug|x64
		{5F775900-4B03-880B-B4B1-880BA05C880B}.Debug|x64.Build.0 = Debug|x64
		{5F775900-4B03-880B-B4B1-880BA05C880B}.Debug|x86.ActiveCfg = Debug|Win32
		{5F775900-4B03-880B-B4B1-880BA05C880B}.Debug|x86.Build.0 = Debug|Win32
		{5F775900-4B03-880B-B4B1-880BA05C880B}.Release|Any CPU.ActiveCfg = Release|Win32
		{5F775900-4B03-880B-B4B1-880BA05C880B}.Release|x64.ActiveCfg = Release|x64
		{5F775900-4B03-880B-B4B1-880BA05C880B}.Release|x64.Build.0 = Release|x64
		{5F775900-4B03-880B-B4B1-880BA05C880B}.Release|x86.ActiveCfg = Release|Win32
		{5F775900-4B03-880B-B4B1-880BA05C880B}.Release|x86.Build.0 = Release|Win32
		{07C26CF4-732E-28EF-3C22-C04CA84D4A57}.Debug|Any CPU.ActiveCfg = Debug|Win32
		{07C26CF4-732E-28EF-3C22-C04CA84D4A57}.Debug|x64.ActiveCfg = Debug|x64
		{07C26CF4-732E-28EF-3C22-C04CA84D4A57}.Debug|x64.Build.0 = Debug|x64
		{07C26CF4-732E-28EF-3C22-C04CA84D4A57}.Debug|x86.ActiveCfg = Debug|Win32
		{07C26CF4-732E-28EF-3C22-C04CA84D4A57}.Debug|x86.Build.0 = Debug|Win32
		{07C26CF4-732E-28EF-3C22-C04CA84D4A57}.Release|Any CPU.ActiveCfg = Release|Win32
		{07C26CF4-732E-28EF-3C22-C04CA84D4A57}.Release|x64.ActiveCfg = Release|x64
		{07C26CF4-732E-28EF-3C22-C04CA84D4A57}.Release|x64.Build.0 = Release|x64
		{07C26CF4-732E-28EF-3C22-C04CA84D4A57}.Release|x86.ActiveCfg = Release|Win32
		{07C26CF4-732E-28EF-3C22-C04CA84D4A57}.Release|x86.Build.0 = Release|Win32
		{A788128C-9356-0692-7CEA-76B86857E2F6}.Debug|Any CPU.ActiveCfg = Debug|Win32
		{A788128C-9356-0692-7CEA-76B86857E2F6}.Debug|Any CPU.Build.0 = Debug|Win32
		{A788128C-9356-0692-7CEA-76B86857E2F6}.Debug|x64.ActiveCfg = Debug|x64
		{A788128C-9356-0692-7CEA-76B86857E2F6}.Debug|x64.Build.0 = Debug|x64
		{A788128C-9356-0692-7CEA-76B86857E2F6}.Debug|x86.ActiveCfg = Debug|Win32
		{A788128C-9356-0692-7CEA-76B86857E2F6}.Debug|x86.Build.0 = Debug|Win32
		{A788128C-9356-0692-7CEA-76B86857E2F6}.Release|Any CPU.ActiveCfg = Release|Win32
		{A788128C-9356-0692-7CEA-76B86857E2F6}.Release|Any CPU.Build.0 = Release|Win32
		{A788128C-9356-0692-7CEA-76B86857E2F6}.Release|x64.ActiveCfg = Release|x64
		{A788128C-9356-0692-7CEA-76B86857E2F6}.Release|x64.Build.0 = Release|x64
		{A788128C-9356-0692-7CEA-76B86857E2F6}.Release|x86.ActiveCfg = Release|Win32
		{A788128C-9356-0692-7CEA-76B86857E2F6}.Release|x86.Build.0 = Release|Win32
		{2B1D7912-1780-08B7-C005-416DAC47D439}.Debug|Any CPU.ActiveCfg = Debug|Win32
		{2B1D7912-1780-08B7-C005-416DAC47D439}.Debug|Any CPU.Build.0 = Debug|Win32
		{2B1D7912-1780-08B7-C005-416DAC47D439}.Debug|x64.ActiveCfg = Debug|x64
		{2B1D7912-1780-08B7-C005-416DAC47D439}.Debug|x64.Build.0 = Debug|x64
		{2B1D7912-1780-08B7-C005-416DAC47D439}.Debug|x86.ActiveCfg = Debug|Win32
		{2B1D7912-1780-08B7-C005-416DAC47D439}.Debug|x86.Build.0 = Debug|Win32
		{2B1D7912-1780-08B7-C005-416DAC47D439}.Release|Any CPU.ActiveCfg = Release|Win32
		{2B1D7912-1780-08B7-C005-416DAC47D439}.Release|Any CPU.Build.0 = Release|Win32
		{2B1D7912-1780-08B7-C005-416DAC47D439}.Release|x64.ActiveCfg = Release|x64
		{2B1D7912-1780-08B7-C005-416DAC47D439}.Release|x64.Build.0 = Release|x64
		{2B1D7912-1780-08B7-C005-416DAC47D439}.Release|x86.ActiveCfg = Release|Win32
		{2B1D7912-1780-08B7-C005-416DAC47D439}.Release|x86.Build.0 = Release|Win32
		{77471475-25BC-416D-AB00-DDF4737010CD}.Debug|Any CPU.ActiveCfg = Debug|Win32
		{77471475-25BC-416D-AB00-DDF4737010CD}.Debug|Any CPU.Build.0 = Debug|Win32
		{77471475-25BC-416D-AB00-DDF4737010CD}.Debug|x64.ActiveCfg = Debug|x64
		{77471475-25BC-416D-AB00-DDF4737010CD}.Debug|x64.Build.0 = Debug|x64
		{77471475-25BC-416D-AB00-DDF4737010CD}.Debug|x86.ActiveCfg = Debug|Win32
		{77471475-25BC-416D-AB00-DDF4737010CD}.Debug|x86.Build.0 = Debug|Win32
		{77471475-25BC-416D-AB00-DDF4737010CD}.Release|Any CPU.ActiveCfg = Release|Win32
		{77471475-25BC-416D-AB00-DDF4737010CD}.Release|Any CPU.Build.0 = Release|Win32
		{77471475-25BC-416D-AB00-DDF4737010CD}.Release|x64.ActiveCfg = Release|x64
		{77471475-25BC-416D-AB00-DDF4737010CD}.Release|x64.Build.0 = Release|x64
		{77471475-25BC-416D-AB00-DDF4737010CD}.Release|x86.ActiveCfg = Release|Win32
		{77471475-25BC-416D-AB00-DDF4737010CD}.Release|x86.Build.0 = Release|Win32
	EndGlobalSection
	GlobalSection(SolutionProperties) = preSolution
		HideSolutionNode = FALSE
	EndGlobalSection
	GlobalSection(ExtensibilityGlobals) = postSolution
		SolutionGuid = {633D653C-CD6E-4368-87B5-FDC454814115}
	EndGlobalSection
	GlobalSection(NestedProjects) = preSolution
		{6C90947C-58C7-950D-01B4-7B10EDC9110F} = {23927822-9BAF-4EE2-A094-FBD1A1B725D1}
		{C499947C-B0D0-950D-59BD-7B1045D3110F} = {23927822-9BAF-4EE2-A094-FBD1A1B725D1}
		{A7B931CA-136F-AABF-9C63-A4960818A1C3} = {23927822-9BAF-4EE2-A094-FBD1A1B725D1}
		{5F775900-4B03-880B-B4B1-880BA05C880B} = {23927822-9BAF-4EE2-A094-FBD1A1B725D1}
		{07C26CF4-732E-28EF-3C22-C04CA84D4A57} = {523D72F0-A2EF-4B43-9BDC-2A731F8AAF2D}
		{A788128C-9356-0692-7CEA-76B86857E2F6} = {523D72F0-A2EF-4B43-9BDC-2A731F8AAF2D}
		{2B1D7912-1780-08B7-C005-416DAC47D439} = {523D72F0-A2EF-4B43-9BDC-2A731F8AAF2D}
	EndGlobalSection
EndGlobal
